
Microsoft Visual Studio Solution File, Format Version 12.00
# Visual Studio Version 17
VisualStudioVersion = 17.1.32210.238
MinimumVisualStudioVersion = 10.0.40219.1
Project("{FAE04EC0-301F-11D3-BF4B-00C04F79EFBC}") = "Bootcamp2024", "Bootcamp2024\Bootcamp2024.csproj", "{886BE2C1-F625-436E-9418-5218F3F1218D}"
EndProject
Global
	GlobalSection(SolutionConfigurationPlatforms) = preSolution
		Debug|Any CPU = Debug|Any CPU
		Release|Any CPU = Release|Any CPU
	EndGlobalSection
	GlobalSection(ProjectConfigurationPlatforms) = postSolution
		{886BE2C1-F625-436E-9418-5218F3F1218D}.Debug|Any CPU.ActiveCfg = Debug|Any CPU
		{886BE2C1-F625-436E-9418-5218F3F1218D}.Debug|Any CPU.Build.0 = Debug|Any CPU
		{886BE2C1-F625-436E-9418-5218F3F1218D}.Release|Any CPU.ActiveCfg = Release|Any CPU
		{886BE2C1-F625-436E-9418-5218F3F1218D}.Release|Any CPU.Build.0 = Release|Any CPU
	EndGlobalSection
	GlobalSection(SolutionProperties) = preSolution
		HideSolutionNode = FALSE
	EndGlobalSection
	GlobalSection(ExtensibilityGlobals) = postSolution
		SolutionGuid = {46D7F201-3003-4B5D-99DA-C16AD0552538}
	EndGlobalSection
EndGlobal
